
Microsoft Visual Studio Solution File, Format Version 12.00
# Visual Studio Version 16
VisualStudioVersion = 16.0.29905.134
MinimumVisualStudioVersion = 10.0.40219.1
Project("{9A19103F-16F7-4668-BE54-9A1E7A4F7556}") = "Sibedge.Plv8Server", "Sibedge.Plv8Server\Sibedge.Plv8Server.csproj", "{0D2DDAD7-E486-42DA-9498-F86EF2525A83}"
EndProject
Project("{9A19103F-16F7-4668-BE54-9A1E7A4F7556}") = "Sibedge.Ksup.TimeApi", "Sibedge.Ksup.TimeApi\Sibedge.Ksup.TimeApi.csproj", "{7AF53A07-1B71-48CD-AFB9-257E6D1D2AEF}"
EndProject
Project("{9A19103F-16F7-4668-BE54-9A1E7A4F7556}") = "Sibedge.Ksup.Services", "Sibedge.Ksup.Services\Sibedge.Ksup.Services.csproj", "{12DCA862-27BD-45A6-B3C4-C5187D0F60F4}"
EndProject
Global
	GlobalSection(SolutionConfigurationPlatforms) = preSolution
		Debug|Any CPU = Debug|Any CPU
		Release|Any CPU = Release|Any CPU
	EndGlobalSection
	GlobalSection(ProjectConfigurationPlatforms) = postSolution
		{0D2DDAD7-E486-42DA-9498-F86EF2525A83}.Debug|Any CPU.ActiveCfg = Debug|Any CPU
		{0D2DDAD7-E486-42DA-9498-F86EF2525A83}.Debug|Any CPU.Build.0 = Debug|Any CPU
		{0D2DDAD7-E486-42DA-9498-F86EF2525A83}.Release|Any CPU.ActiveCfg = Release|Any CPU
		{0D2DDAD7-E486-42DA-9498-F86EF2525A83}.Release|Any CPU.Build.0 = Release|Any CPU
		{7AF53A07-1B71-48CD-AFB9-257E6D1D2AEF}.Debug|Any CPU.ActiveCfg = Debug|Any CPU
		{7AF53A07-1B71-48CD-AFB9-257E6D1D2AEF}.Debug|Any CPU.Build.0 = Debug|Any CPU
		{7AF53A07-1B71-48CD-AFB9-257E6D1D2AEF}.Release|Any CPU.ActiveCfg = Release|Any CPU
		{7AF53A07-1B71-48CD-AFB9-257E6D1D2AEF}.Release|Any CPU.Build.0 = Release|Any CPU
		{12DCA862-27BD-45A6-B3C4-C5187D0F60F4}.Debug|Any CPU.ActiveCfg = Debug|Any CPU
		{12DCA862-27BD-45A6-B3C4-C5187D0F60F4}.Debug|Any CPU.Build.0 = Debug|Any CPU
		{12DCA862-27BD-45A6-B3C4-C5187D0F60F4}.Release|Any CPU.ActiveCfg = Release|Any CPU
		{12DCA862-27BD-45A6-B3C4-C5187D0F60F4}.Release|Any CPU.Build.0 = Release|Any CPU
	EndGlobalSection
	GlobalSection(SolutionProperties) = preSolution
		HideSolutionNode = FALSE
	EndGlobalSection
	GlobalSection(ExtensibilityGlobals) = postSolution
		SolutionGuid = {BF242C48-1018-447B-B813-254453D5730E}
	EndGlobalSection
EndGlobal
