
Microsoft Visual Studio Solution File, Format Version 12.00
# Visual Studio Version 16
VisualStudioVersion = 16.0.29905.134
MinimumVisualStudioVersion = 10.0.40219.1
Project("{9A19103F-16F7-4668-BE54-9A1E7A4F7556}") = "Sibedge.Plv8Server", "Sibedge.Plv8Server\Sibedge.Plv8Server.csproj", "{0D2DDAD7-E486-42DA-9498-F86EF2525A83}"
EndProject
Project("{FAE04EC0-301F-11D3-BF4B-00C04F79EFBC}") = "Sibedge.Plv8Demo.Services", "Sibedge.Plv8Demo.Services\Sibedge.Plv8Demo.Services.csproj", "{2C02FE3D-74C4-49D4-8E02-589F5A499B73}"
EndProject
Project("{FAE04EC0-301F-11D3-BF4B-00C04F79EFBC}") = "Sibedge.Plv8Demo.WebApi", "Sibedge.Plv8Demo.WebApi\Sibedge.Plv8Demo.WebApi.csproj", "{5CDFE6E8-0E3D-467E-AD85-503BDC08919A}"
EndProject
Global
	GlobalSection(SolutionConfigurationPlatforms) = preSolution
		Debug|Any CPU = Debug|Any CPU
		Release|Any CPU = Release|Any CPU
	EndGlobalSection
	GlobalSection(ProjectConfigurationPlatforms) = postSolution
		{0D2DDAD7-E486-42DA-9498-F86EF2525A83}.Debug|Any CPU.ActiveCfg = Debug|Any CPU
		{0D2DDAD7-E486-42DA-9498-F86EF2525A83}.Debug|Any CPU.Build.0 = Debug|Any CPU
		{0D2DDAD7-E486-42DA-9498-F86EF2525A83}.Release|Any CPU.ActiveCfg = Release|Any CPU
		{0D2DDAD7-E486-42DA-9498-F86EF2525A83}.Release|Any CPU.Build.0 = Release|Any CPU
		{2C02FE3D-74C4-49D4-8E02-589F5A499B73}.Debug|Any CPU.ActiveCfg = Debug|Any CPU
		{2C02FE3D-74C4-49D4-8E02-589F5A499B73}.Debug|Any CPU.Build.0 = Debug|Any CPU
		{2C02FE3D-74C4-49D4-8E02-589F5A499B73}.Release|Any CPU.ActiveCfg = Release|Any CPU
		{2C02FE3D-74C4-49D4-8E02-589F5A499B73}.Release|Any CPU.Build.0 = Release|Any CPU
		{5CDFE6E8-0E3D-467E-AD85-503BDC08919A}.Debug|Any CPU.ActiveCfg = Debug|Any CPU
		{5CDFE6E8-0E3D-467E-AD85-503BDC08919A}.Debug|Any CPU.Build.0 = Debug|Any CPU
		{5CDFE6E8-0E3D-467E-AD85-503BDC08919A}.Release|Any CPU.ActiveCfg = Release|Any CPU
		{5CDFE6E8-0E3D-467E-AD85-503BDC08919A}.Release|Any CPU.Build.0 = Release|Any CPU
	EndGlobalSection
	GlobalSection(SolutionProperties) = preSolution
		HideSolutionNode = FALSE
	EndGlobalSection
	GlobalSection(ExtensibilityGlobals) = postSolution
		SolutionGuid = {BF242C48-1018-447B-B813-254453D5730E}
	EndGlobalSection
EndGlobal
